
Microsoft Visual Studio Solution File, Format Version 12.00
# Visual Studio Version 16
VisualStudioVersion = 16.0.30011.22
MinimumVisualStudioVersion = 10.0.40219.1
Project("{FAE04EC0-301F-11D3-BF4B-00C04F79EFBC}") = "WindowsBGChanger", "WindowsBGChanger\WindowsBGChanger.csproj", "{8AC42396-27E9-4313-9625-94D02B62EBC9}"
EndProject
Project("{FAE04EC0-301F-11D3-BF4B-00C04F79EFBC}") = "ProgramTest", "..\ProgramTest\ProgramTest\ProgramTest.csproj", "{0FEC6D8F-DEFB-4A96-ABE7-BD69ADB3E3F0}"
EndProject
Global
	GlobalSection(SolutionConfigurationPlatforms) = preSolution
		Debug|Any CPU = Debug|Any CPU
		Release|Any CPU = Release|Any CPU
	EndGlobalSection
	GlobalSection(ProjectConfigurationPlatforms) = postSolution
		{8AC42396-27E9-4313-9625-94D02B62EBC9}.Debug|Any CPU.ActiveCfg = Debug|Any CPU
		{8AC42396-27E9-4313-9625-94D02B62EBC9}.Debug|Any CPU.Build.0 = Debug|Any CPU
		{8AC42396-27E9-4313-9625-94D02B62EBC9}.Release|Any CPU.ActiveCfg = Release|Any CPU
		{8AC42396-27E9-4313-9625-94D02B62EBC9}.Release|Any CPU.Build.0 = Release|Any CPU
		{0FEC6D8F-DEFB-4A96-ABE7-BD69ADB3E3F0}.Debug|Any CPU.ActiveCfg = Debug|Any CPU
		{0FEC6D8F-DEFB-4A96-ABE7-BD69ADB3E3F0}.Debug|Any CPU.Build.0 = Debug|Any CPU
		{0FEC6D8F-DEFB-4A96-ABE7-BD69ADB3E3F0}.Release|Any CPU.ActiveCfg = Release|Any CPU
		{0FEC6D8F-DEFB-4A96-ABE7-BD69ADB3E3F0}.Release|Any CPU.Build.0 = Release|Any CPU
	EndGlobalSection
	GlobalSection(SolutionProperties) = preSolution
		HideSolutionNode = FALSE
	EndGlobalSection
	GlobalSection(ExtensibilityGlobals) = postSolution
		SolutionGuid = {105A75B8-0FF8-4F1F-9E9C-E03D0FFD35B5}
	EndGlobalSection
EndGlobal
